# THIS IS AN AUTOGENERATED FILE. DO NOT EDIT THIS FILE DIRECTLY.
# yarn lockfile v1


sjcl@^1.0.8:
  version "1.0.8"
  resolved "https://registry.yarnpkg.com/sjcl/-/sjcl-1.0.8.tgz#f2ec8d7dc1f0f21b069b8914a41a8f236b0e252a"
  integrity sha512-LzIjEQ0S0DpIgnxMEayM1rq9aGwGRG4OnZhCdjx7glTaJtf4zRfpg87ImfjSJjoW9vKpagd82McDOwbRT5kQKQ==
